
Microsoft Visual Studio Solution File, Format Version 12.00
# Visual Studio Version 16
VisualStudioVersion = 16.0.28803.452
MinimumVisualStudioVersion = 10.0.40219.1
Project("{9A19103F-16F7-4668-BE54-9A1E7A4F7556}") = "ExpressMapper.Core", "ExpressMapper.Core\ExpressMapper.Core.csproj", "{04C40906-5332-4A59-A220-7F98509B84D7}"
EndProject
Project("{2150E333-8FDC-42A3-9474-1A3956D46DE8}") = "Tests", "Tests", "{21425AEE-579A-48D1-8EBA-DC76FC6B16EA}"
EndProject
Project("{FAE04EC0-301F-11D3-BF4B-00C04F79EFBC}") = "ExpressMapper.Core.Tests", "Tests\ExpressMapper.Core.Tests\ExpressMapper.Core.Tests.csproj", "{8F5B9F3C-8642-48F6-8F86-E3B5162DF879}"
EndProject
Global
	GlobalSection(SolutionConfigurationPlatforms) = preSolution
		Debug|Any CPU = Debug|Any CPU
		Release|Any CPU = Release|Any CPU
	EndGlobalSection
	GlobalSection(ProjectConfigurationPlatforms) = postSolution
		{04C40906-5332-4A59-A220-7F98509B84D7}.Debug|Any CPU.ActiveCfg = Debug|Any CPU
		{04C40906-5332-4A59-A220-7F98509B84D7}.Debug|Any CPU.Build.0 = Debug|Any CPU
		{04C40906-5332-4A59-A220-7F98509B84D7}.Release|Any CPU.ActiveCfg = Release|Any CPU
		{04C40906-5332-4A59-A220-7F98509B84D7}.Release|Any CPU.Build.0 = Release|Any CPU
		{8F5B9F3C-8642-48F6-8F86-E3B5162DF879}.Debug|Any CPU.ActiveCfg = Debug|Any CPU
		{8F5B9F3C-8642-48F6-8F86-E3B5162DF879}.Debug|Any CPU.Build.0 = Debug|Any CPU
		{8F5B9F3C-8642-48F6-8F86-E3B5162DF879}.Release|Any CPU.ActiveCfg = Release|Any CPU
		{8F5B9F3C-8642-48F6-8F86-E3B5162DF879}.Release|Any CPU.Build.0 = Release|Any CPU
	EndGlobalSection
	GlobalSection(SolutionProperties) = preSolution
		HideSolutionNode = FALSE
	EndGlobalSection
	GlobalSection(NestedProjects) = preSolution
		{8F5B9F3C-8642-48F6-8F86-E3B5162DF879} = {21425AEE-579A-48D1-8EBA-DC76FC6B16EA}
	EndGlobalSection
	GlobalSection(ExtensibilityGlobals) = postSolution
		SolutionGuid = {6CA081A2-2004-4F96-BB66-FBE232FC25E1}
	EndGlobalSection
EndGlobal
